
Microsoft Visual Studio Solution File, Format Version 12.00
# Visual Studio 15
VisualStudioVersion = 15.0.28307.1758
MinimumVisualStudioVersion = 10.0.40219.1
Project("{FAE04EC0-301F-11D3-BF4B-00C04F79EFBC}") = "VCTWebApp", "SUM_WEB\VCTWebApp.csproj", "{7FFEE14A-B1C2-473B-B8BB-DF3FDBA86712}"
	ProjectSection(ProjectDependencies) = postProject
		{45956984-ADA9-45FB-AA79-7DA0F81530AD} = {45956984-ADA9-45FB-AA79-7DA0F81530AD}
		{C1B5BCDD-6795-407E-90F2-7DC4EB697D27} = {C1B5BCDD-6795-407E-90F2-7DC4EB697D27}
		{C3C3D48F-6376-4A8F-8042-5DEF949961E3} = {C3C3D48F-6376-4A8F-8042-5DEF949961E3}
	EndProjectSection
EndProject
Project("{FAE04EC0-301F-11D3-BF4B-00C04F79EFBC}") = "SUM_COMMON", "SUM_COMMON\SUM_COMMON.csproj", "{C3C3D48F-6376-4A8F-8042-5DEF949961E3}"
EndProject
Project("{FAE04EC0-301F-11D3-BF4B-00C04F79EFBC}") = "SUM_PL", "SUM_PL\SUM_PL.csproj", "{45956984-ADA9-45FB-AA79-7DA0F81530AD}"
EndProject
Project("{FAE04EC0-301F-11D3-BF4B-00C04F79EFBC}") = "SUM_DL", "SUM_DL\SUM_DL.csproj", "{C46DBE82-1D36-428F-99C6-E55580C8FDC1}"
	ProjectSection(ProjectDependencies) = postProject
		{45956984-ADA9-45FB-AA79-7DA0F81530AD} = {45956984-ADA9-45FB-AA79-7DA0F81530AD}
		{C3C3D48F-6376-4A8F-8042-5DEF949961E3} = {C3C3D48F-6376-4A8F-8042-5DEF949961E3}
	EndProjectSection
EndProject
Project("{FAE04EC0-301F-11D3-BF4B-00C04F79EFBC}") = "SUM_BL", "SUM_BL\SUM_BL.csproj", "{C1B5BCDD-6795-407E-90F2-7DC4EB697D27}"
	ProjectSection(ProjectDependencies) = postProject
		{45956984-ADA9-45FB-AA79-7DA0F81530AD} = {45956984-ADA9-45FB-AA79-7DA0F81530AD}
		{C3C3D48F-6376-4A8F-8042-5DEF949961E3} = {C3C3D48F-6376-4A8F-8042-5DEF949961E3}
		{C46DBE82-1D36-428F-99C6-E55580C8FDC1} = {C46DBE82-1D36-428F-99C6-E55580C8FDC1}
	EndProjectSection
EndProject
Global
	GlobalSection(SolutionConfigurationPlatforms) = preSolution
		Debug|Any CPU = Debug|Any CPU
		Release|Any CPU = Release|Any CPU
	EndGlobalSection
	GlobalSection(ProjectConfigurationPlatforms) = postSolution
		{7FFEE14A-B1C2-473B-B8BB-DF3FDBA86712}.Debug|Any CPU.ActiveCfg = Debug|Any CPU
		{7FFEE14A-B1C2-473B-B8BB-DF3FDBA86712}.Debug|Any CPU.Build.0 = Debug|Any CPU
		{7FFEE14A-B1C2-473B-B8BB-DF3FDBA86712}.Release|Any CPU.ActiveCfg = Release|Any CPU
		{7FFEE14A-B1C2-473B-B8BB-DF3FDBA86712}.Release|Any CPU.Build.0 = Release|Any CPU
		{C3C3D48F-6376-4A8F-8042-5DEF949961E3}.Debug|Any CPU.ActiveCfg = Debug|Any CPU
		{C3C3D48F-6376-4A8F-8042-5DEF949961E3}.Debug|Any CPU.Build.0 = Debug|Any CPU
		{C3C3D48F-6376-4A8F-8042-5DEF949961E3}.Release|Any CPU.ActiveCfg = Release|Any CPU
		{C3C3D48F-6376-4A8F-8042-5DEF949961E3}.Release|Any CPU.Build.0 = Release|Any CPU
		{45956984-ADA9-45FB-AA79-7DA0F81530AD}.Debug|Any CPU.ActiveCfg = Debug|Any CPU
		{45956984-ADA9-45FB-AA79-7DA0F81530AD}.Debug|Any CPU.Build.0 = Debug|Any CPU
		{45956984-ADA9-45FB-AA79-7DA0F81530AD}.Release|Any CPU.ActiveCfg = Release|Any CPU
		{45956984-ADA9-45FB-AA79-7DA0F81530AD}.Release|Any CPU.Build.0 = Release|Any CPU
		{C46DBE82-1D36-428F-99C6-E55580C8FDC1}.Debug|Any CPU.ActiveCfg = Debug|Any CPU
		{C46DBE82-1D36-428F-99C6-E55580C8FDC1}.Debug|Any CPU.Build.0 = Debug|Any CPU
		{C46DBE82-1D36-428F-99C6-E55580C8FDC1}.Release|Any CPU.ActiveCfg = Release|Any CPU
		{C46DBE82-1D36-428F-99C6-E55580C8FDC1}.Release|Any CPU.Build.0 = Release|Any CPU
		{C1B5BCDD-6795-407E-90F2-7DC4EB697D27}.Debug|Any CPU.ActiveCfg = Debug|Any CPU
		{C1B5BCDD-6795-407E-90F2-7DC4EB697D27}.Debug|Any CPU.Build.0 = Debug|Any CPU
		{C1B5BCDD-6795-407E-90F2-7DC4EB697D27}.Release|Any CPU.ActiveCfg = Release|Any CPU
		{C1B5BCDD-6795-407E-90F2-7DC4EB697D27}.Release|Any CPU.Build.0 = Release|Any CPU
	EndGlobalSection
	GlobalSection(SolutionProperties) = preSolution
		HideSolutionNode = FALSE
	EndGlobalSection
	GlobalSection(ExtensibilityGlobals) = postSolution
		SolutionGuid = {DD8611A7-74D1-4DBC-876D-D02B2E915BC1}
	EndGlobalSection
EndGlobal
