
Microsoft Visual Studio Solution File, Format Version 12.00
# Visual Studio 15
VisualStudioVersion = 15.0.28307.705
MinimumVisualStudioVersion = 10.0.40219.1
Project("{FAE04EC0-301F-11D3-BF4B-00C04F79EFBC}") = "DENSOScheduler", "DENSOScheduler.csproj", "{7FF2DA6E-4216-41C3-BC6F-AA9C8EBD1411}"
EndProject
Project("{FAE04EC0-301F-11D3-BF4B-00C04F79EFBC}") = "SchedulerExeAutoRestart", "SchedulerExeAutoRestart\SchedulerExeAutoRestart.csproj", "{2A8536ED-0EDA-4B70-AF7C-7DBC157EFDA2}"
EndProject
Global
	GlobalSection(SolutionConfigurationPlatforms) = preSolution
		Debug|Any CPU = Debug|Any CPU
		Debug|x86 = Debug|x86
		Release|Any CPU = Release|Any CPU
		Release|x86 = Release|x86
	EndGlobalSection
	GlobalSection(ProjectConfigurationPlatforms) = postSolution
		{7FF2DA6E-4216-41C3-BC6F-AA9C8EBD1411}.Debug|Any CPU.ActiveCfg = Debug|Any CPU
		{7FF2DA6E-4216-41C3-BC6F-AA9C8EBD1411}.Debug|Any CPU.Build.0 = Debug|Any CPU
		{7FF2DA6E-4216-41C3-BC6F-AA9C8EBD1411}.Debug|x86.ActiveCfg = Debug|x86
		{7FF2DA6E-4216-41C3-BC6F-AA9C8EBD1411}.Debug|x86.Build.0 = Debug|x86
		{7FF2DA6E-4216-41C3-BC6F-AA9C8EBD1411}.Release|Any CPU.ActiveCfg = Release|Any CPU
		{7FF2DA6E-4216-41C3-BC6F-AA9C8EBD1411}.Release|Any CPU.Build.0 = Release|Any CPU
		{7FF2DA6E-4216-41C3-BC6F-AA9C8EBD1411}.Release|x86.ActiveCfg = Release|x86
		{7FF2DA6E-4216-41C3-BC6F-AA9C8EBD1411}.Release|x86.Build.0 = Release|x86
		{2A8536ED-0EDA-4B70-AF7C-7DBC157EFDA2}.Debug|Any CPU.ActiveCfg = Debug|Any CPU
		{2A8536ED-0EDA-4B70-AF7C-7DBC157EFDA2}.Debug|Any CPU.Build.0 = Debug|Any CPU
		{2A8536ED-0EDA-4B70-AF7C-7DBC157EFDA2}.Debug|x86.ActiveCfg = Debug|Any CPU
		{2A8536ED-0EDA-4B70-AF7C-7DBC157EFDA2}.Debug|x86.Build.0 = Debug|Any CPU
		{2A8536ED-0EDA-4B70-AF7C-7DBC157EFDA2}.Release|Any CPU.ActiveCfg = Release|Any CPU
		{2A8536ED-0EDA-4B70-AF7C-7DBC157EFDA2}.Release|Any CPU.Build.0 = Release|Any CPU
		{2A8536ED-0EDA-4B70-AF7C-7DBC157EFDA2}.Release|x86.ActiveCfg = Release|Any CPU
		{2A8536ED-0EDA-4B70-AF7C-7DBC157EFDA2}.Release|x86.Build.0 = Release|Any CPU
	EndGlobalSection
	GlobalSection(SolutionProperties) = preSolution
		HideSolutionNode = FALSE
	EndGlobalSection
	GlobalSection(ExtensibilityGlobals) = postSolution
		SolutionGuid = {CCC27C01-9304-477A-9E71-5EF7E3E450CF}
	EndGlobalSection
EndGlobal
